
Microsoft Visual Studio Solution File, Format Version 12.00
# Visual Studio 2013
VisualStudioVersion = 12.0.21005.1
MinimumVisualStudioVersion = 10.0.40219.1
Project("{8BC9CEB8-8B4A-11D0-8D11-00A0C91BC942}") = "Sequence_traversal_of_binary_tree", "Sequence_traversal_of_binary_tree\Sequence_traversal_of_binary_tree.vcxproj", "{AA0F104B-EAA9-4897-8084-5570D91850F6}"
EndProject
Global
	GlobalSection(SolutionConfigurationPlatforms) = preSolution
		Debug|Win32 = Debug|Win32
		Release|Win32 = Release|Win32
	EndGlobalSection
	GlobalSection(ProjectConfigurationPlatforms) = postSolution
		{AA0F104B-EAA9-4897-8084-5570D91850F6}.Debug|Win32.ActiveCfg = Debug|Win32
		{AA0F104B-EAA9-4897-8084-5570D91850F6}.Debug|Win32.Build.0 = Debug|Win32
		{AA0F104B-EAA9-4897-8084-5570D91850F6}.Release|Win32.ActiveCfg = Release|Win32
		{AA0F104B-EAA9-4897-8084-5570D91850F6}.Release|Win32.Build.0 = Release|Win32
	EndGlobalSection
	GlobalSection(SolutionProperties) = preSolution
		HideSolutionNode = FALSE
	EndGlobalSection
EndGlobal
